// !$*UTF8*$!
{
	archiveVersion = 1;
	classes = {
	};
	objectVersion = 46;
	objects = {

/* Begin PBXBuildFile section */
		072DEF841BE503CE00A98AB0 /* Model.xcdatamodeld in Sources */ = {isa = PBXBuildFile; fileRef = 072DEF821BE503CE00A98AB0 /* Model.xcdatamodeld */; };
		07301CBB1BE5338800838A34 /* Reachability.swift in Sources */ = {isa = PBXBuildFile; fileRef = 07301CBA1BE5338800838A34 /* Reachability.swift */; };
		0733F63B1BF7B0E000A08AAA /* Medicine+CoreDataProperties.swift in Sources */ = {isa = PBXBuildFile; fileRef = 0733F6371BF7B0E000A08AAA /* Medicine+CoreDataProperties.swift */; };
		0733F63C1BF7B0E000A08AAA /* Medicine.swift in Sources */ = {isa = PBXBuildFile; fileRef = 0733F6381BF7B0E000A08AAA /* Medicine.swift */; };
		0733F63D1BF7B0E000A08AAA /* Dates+CoreDataProperties.swift in Sources */ = {isa = PBXBuildFile; fileRef = 0733F6391BF7B0E000A08AAA /* Dates+CoreDataProperties.swift */; };
		0733F63E1BF7B0E000A08AAA /* Dates.swift in Sources */ = {isa = PBXBuildFile; fileRef = 0733F63A1BF7B0E000A08AAA /* Dates.swift */; };
		0774FA8F1BC68E63006FB847 /* AppDelegate.swift in Sources */ = {isa = PBXBuildFile; fileRef = 0774FA8E1BC68E63006FB847 /* AppDelegate.swift */; };
		0774FA941BC68E63006FB847 /* Main.storyboard in Resources */ = {isa = PBXBuildFile; fileRef = 0774FA921BC68E63006FB847 /* Main.storyboard */; };
		0774FA961BC68E63006FB847 /* Assets.xcassets in Resources */ = {isa = PBXBuildFile; fileRef = 0774FA951BC68E63006FB847 /* Assets.xcassets */; };
		0774FA991BC68E63006FB847 /* LaunchScreen.storyboard in Resources */ = {isa = PBXBuildFile; fileRef = 0774FA971BC68E63006FB847 /* LaunchScreen.storyboard */; };
		0774FAA41BC68E63006FB847 /* MrPill_ParsecocoTests.swift in Sources */ = {isa = PBXBuildFile; fileRef = 0774FAA31BC68E63006FB847 /* MrPill_ParsecocoTests.swift */; };
		07A93A2A1BF7BB8A00C502EF /* CalendarViewController.swift in Sources */ = {isa = PBXBuildFile; fileRef = 07A93A291BF7BB8A00C502EF /* CalendarViewController.swift */; };
		07E15A2A1BC690E5009B5AB4 /* MedicineTableViewCell.swift in Sources */ = {isa = PBXBuildFile; fileRef = 07E15A291BC690E5009B5AB4 /* MedicineTableViewCell.swift */; };
		07E15A2C1BC6911D009B5AB4 /* MedicineTableViewController.swift in Sources */ = {isa = PBXBuildFile; fileRef = 07E15A2B1BC6911D009B5AB4 /* MedicineTableViewController.swift */; };
		07E15A2E1BC6914D009B5AB4 /* LoginViewController.swift in Sources */ = {isa = PBXBuildFile; fileRef = 07E15A2D1BC6914D009B5AB4 /* LoginViewController.swift */; };
		07E15A301BC6917B009B5AB4 /* UIViewControllerExtension.swift in Sources */ = {isa = PBXBuildFile; fileRef = 07E15A2F1BC6917B009B5AB4 /* UIViewControllerExtension.swift */; };
		07ED31DC1BD008A200A92933 /* Assets.xcassets in Resources */ = {isa = PBXBuildFile; fileRef = 07ED31DB1BD008A200A92933 /* Assets.xcassets */; };
		07ED31E31BD008A200A92933 /* App Extension.appex in Embed App Extensions */ = {isa = PBXBuildFile; fileRef = 07ED31E21BD008A200A92933 /* App Extension.appex */; settings = {ATTRIBUTES = (RemoveHeadersOnCopy, ); }; };
		07ED31EA1BD008A200A92933 /* InterfaceController.swift in Sources */ = {isa = PBXBuildFile; fileRef = 07ED31E91BD008A200A92933 /* InterfaceController.swift */; };
		07ED31EC1BD008A200A92933 /* ExtensionDelegate.swift in Sources */ = {isa = PBXBuildFile; fileRef = 07ED31EB1BD008A200A92933 /* ExtensionDelegate.swift */; };
		07ED31EE1BD008A200A92933 /* NotificationController.swift in Sources */ = {isa = PBXBuildFile; fileRef = 07ED31ED1BD008A200A92933 /* NotificationController.swift */; };
		07ED31F01BD008A200A92933 /* Assets.xcassets in Resources */ = {isa = PBXBuildFile; fileRef = 07ED31EF1BD008A200A92933 /* Assets.xcassets */; };
		07ED31F41BD008A200A92933 /* App.app in Embed Watch Content */ = {isa = PBXBuildFile; fileRef = 07ED31D61BD008A200A92933 /* App.app */; };
		07ED31FE1BD009CF00A92933 /* tableRowController.swift in Sources */ = {isa = PBXBuildFile; fileRef = 07ED31FD1BD009CF00A92933 /* tableRowController.swift */; };
		07ED32011BD031EB00A92933 /* Interface.storyboard in Resources */ = {isa = PBXBuildFile; fileRef = 07ED31D81BD008A200A92933 /* Interface.storyboard */; };
		3A3BB8B5354F5E3F87E8CA01 /* Pods_MrPill_Parsecoco.framework in Frameworks */ = {isa = PBXBuildFile; fileRef = 904CF208565802177D297129 /* Pods_MrPill_Parsecoco.framework */; settings = {ATTRIBUTES = (Weak, ); }; };
/* End PBXBuildFile section */

/* Begin PBXContainerItemProxy section */
		0774FAA01BC68E63006FB847 /* PBXContainerItemProxy */ = {
			isa = PBXContainerItemProxy;
			containerPortal = 0774FA831BC68E63006FB847 /* Project object */;
			proxyType = 1;
			remoteGlobalIDString = 0774FA8A1BC68E63006FB847;
			remoteInfo = MrPill_Parsecoco;
		};
		07ED31E41BD008A200A92933 /* PBXContainerItemProxy */ = {
			isa = PBXContainerItemProxy;
			containerPortal = 0774FA831BC68E63006FB847 /* Project object */;
			proxyType = 1;
			remoteGlobalIDString = 07ED31E11BD008A200A92933;
			remoteInfo = "App Extension";
		};
		07ED31F21BD008A200A92933 /* PBXContainerItemProxy */ = {
			isa = PBXContainerItemProxy;
			containerPortal = 0774FA831BC68E63006FB847 /* Project object */;
			proxyType = 1;
			remoteGlobalIDString = 07ED31D51BD008A200A92933;
			remoteInfo = App;
		};
/* End PBXContainerItemProxy section */

/* Begin PBXCopyFilesBuildPhase section */
		07ED31FA1BD008A200A92933 /* Embed App Extensions */ = {
			isa = PBXCopyFilesBuildPhase;
			buildActionMask = 2147483647;
			dstPath = "";
			dstSubfolderSpec = 13;
			files = (
				07ED31E31BD008A200A92933 /* App Extension.appex in Embed App Extensions */,
			);
			name = "Embed App Extensions";
			runOnlyForDeploymentPostprocessing = 0;
		};
		07ED31FC1BD008A200A92933 /* Embed Watch Content */ = {
			isa = PBXCopyFilesBuildPhase;
			buildActionMask = 2147483647;
			dstPath = "$(CONTENTS_FOLDER_PATH)/Watch";
			dstSubfolderSpec = 16;
			files = (
				07ED31F41BD008A200A92933 /* App.app in Embed Watch Content */,
			);
			name = "Embed Watch Content";
			runOnlyForDeploymentPostprocessing = 0;
		};
/* End PBXCopyFilesBuildPhase section */

/* Begin PBXFileReference section */
		072DEF831BE503CE00A98AB0 /* Model.xcdatamodel */ = {isa = PBXFileReference; lastKnownFileType = wrapper.xcdatamodel; path = Model.xcdatamodel; sourceTree = "<group>"; };
		07301CBA1BE5338800838A34 /* Reachability.swift */ = {isa = PBXFileReference; fileEncoding = 4; lastKnownFileType = sourcecode.swift; path = Reachability.swift; sourceTree = "<group>"; };
		0733F6371BF7B0E000A08AAA /* Medicine+CoreDataProperties.swift */ = {isa = PBXFileReference; fileEncoding = 4; lastKnownFileType = sourcecode.swift; path = "Medicine+CoreDataProperties.swift"; sourceTree = "<group>"; };
		0733F6381BF7B0E000A08AAA /* Medicine.swift */ = {isa = PBXFileReference; fileEncoding = 4; lastKnownFileType = sourcecode.swift; path = Medicine.swift; sourceTree = "<group>"; };
		0733F6391BF7B0E000A08AAA /* Dates+CoreDataProperties.swift */ = {isa = PBXFileReference; fileEncoding = 4; lastKnownFileType = sourcecode.swift; path = "Dates+CoreDataProperties.swift"; sourceTree = "<group>"; };
		0733F63A1BF7B0E000A08AAA /* Dates.swift */ = {isa = PBXFileReference; fileEncoding = 4; lastKnownFileType = sourcecode.swift; path = Dates.swift; sourceTree = "<group>"; };
		0774FA8B1BC68E63006FB847 /* MrPill_Parsecoco.app */ = {isa = PBXFileReference; explicitFileType = wrapper.application; includeInIndex = 0; path = MrPill_Parsecoco.app; sourceTree = BUILT_PRODUCTS_DIR; };
		0774FA8E1BC68E63006FB847 /* AppDelegate.swift */ = {isa = PBXFileReference; lastKnownFileType = sourcecode.swift; path = AppDelegate.swift; sourceTree = "<group>"; };
		0774FA931BC68E63006FB847 /* Base */ = {isa = PBXFileReference; lastKnownFileType = file.storyboard; name = Base; path = Base.lproj/Main.storyboard; sourceTree = "<group>"; };
		0774FA951BC68E63006FB847 /* Assets.xcassets */ = {isa = PBXFileReference; lastKnownFileType = folder.assetcatalog; path = Assets.xcassets; sourceTree = "<group>"; };
		0774FA981BC68E63006FB847 /* Base */ = {isa = PBXFileReference; lastKnownFileType = file.storyboard; name = Base; path = Base.lproj/LaunchScreen.storyboard; sourceTree = "<group>"; };
		0774FA9A1BC68E63006FB847 /* Info.plist */ = {isa = PBXFileReference; lastKnownFileType = text.plist.xml; path = Info.plist; sourceTree = "<group>"; };
		0774FA9F1BC68E63006FB847 /* MrPill_ParsecocoTests.xctest */ = {isa = PBXFileReference; explicitFileType = wrapper.cfbundle; includeInIndex = 0; path = MrPill_ParsecocoTests.xctest; sourceTree = BUILT_PRODUCTS_DIR; };
		0774FAA31BC68E63006FB847 /* MrPill_ParsecocoTests.swift */ = {isa = PBXFileReference; lastKnownFileType = sourcecode.swift; path = MrPill_ParsecocoTests.swift; sourceTree = "<group>"; };
		0774FAA51BC68E63006FB847 /* Info.plist */ = {isa = PBXFileReference; lastKnownFileType = text.plist.xml; path = Info.plist; sourceTree = "<group>"; };
		07A93A291BF7BB8A00C502EF /* CalendarViewController.swift */ = {isa = PBXFileReference; fileEncoding = 4; lastKnownFileType = sourcecode.swift; path = CalendarViewController.swift; sourceTree = "<group>"; };
		07E15A241BC68F88009B5AB4 /* MrPill_Parsecoco-Bridging-Header.h */ = {isa = PBXFileReference; lastKnownFileType = sourcecode.c.h; path = "MrPill_Parsecoco-Bridging-Header.h"; sourceTree = "<group>"; };
		07E15A291BC690E5009B5AB4 /* MedicineTableViewCell.swift */ = {isa = PBXFileReference; fileEncoding = 4; lastKnownFileType = sourcecode.swift; path = MedicineTableViewCell.swift; sourceTree = "<group>"; };
		07E15A2B1BC6911D009B5AB4 /* MedicineTableViewController.swift */ = {isa = PBXFileReference; fileEncoding = 4; lastKnownFileType = sourcecode.swift; path = MedicineTableViewController.swift; sourceTree = "<group>"; };
		07E15A2D1BC6914D009B5AB4 /* LoginViewController.swift */ = {isa = PBXFileReference; fileEncoding = 4; lastKnownFileType = sourcecode.swift; path = LoginViewController.swift; sourceTree = "<group>"; };
		07E15A2F1BC6917B009B5AB4 /* UIViewControllerExtension.swift */ = {isa = PBXFileReference; fileEncoding = 4; lastKnownFileType = sourcecode.swift; path = UIViewControllerExtension.swift; sourceTree = "<group>"; };
		07ED31D61BD008A200A92933 /* App.app */ = {isa = PBXFileReference; explicitFileType = wrapper.application; includeInIndex = 0; path = App.app; sourceTree = BUILT_PRODUCTS_DIR; };
		07ED31D91BD008A200A92933 /* Base */ = {isa = PBXFileReference; lastKnownFileType = file.storyboard; name = Base; path = Base.lproj/Interface.storyboard; sourceTree = "<group>"; };
		07ED31DB1BD008A200A92933 /* Assets.xcassets */ = {isa = PBXFileReference; lastKnownFileType = folder.assetcatalog; path = Assets.xcassets; sourceTree = "<group>"; };
		07ED31DD1BD008A200A92933 /* Info.plist */ = {isa = PBXFileReference; lastKnownFileType = text.plist.xml; path = Info.plist; sourceTree = "<group>"; };
		07ED31E21BD008A200A92933 /* App Extension.appex */ = {isa = PBXFileReference; explicitFileType = "wrapper.app-extension"; includeInIndex = 0; path = "App Extension.appex"; sourceTree = BUILT_PRODUCTS_DIR; };
		07ED31E81BD008A200A92933 /* PushNotificationPayload.apns */ = {isa = PBXFileReference; lastKnownFileType = text; path = PushNotificationPayload.apns; sourceTree = "<group>"; };
		07ED31E91BD008A200A92933 /* InterfaceController.swift */ = {isa = PBXFileReference; lastKnownFileType = sourcecode.swift; path = InterfaceController.swift; sourceTree = "<group>"; };
		07ED31EB1BD008A200A92933 /* ExtensionDelegate.swift */ = {isa = PBXFileReference; lastKnownFileType = sourcecode.swift; path = ExtensionDelegate.swift; sourceTree = "<group>"; };
		07ED31ED1BD008A200A92933 /* NotificationController.swift */ = {isa = PBXFileReference; lastKnownFileType = sourcecode.swift; path = NotificationController.swift; sourceTree = "<group>"; };
		07ED31EF1BD008A200A92933 /* Assets.xcassets */ = {isa = PBXFileReference; lastKnownFileType = folder.assetcatalog; path = Assets.xcassets; sourceTree = "<group>"; };
		07ED31F11BD008A200A92933 /* Info.plist */ = {isa = PBXFileReference; lastKnownFileType = text.plist.xml; path = Info.plist; sourceTree = "<group>"; };
		07ED31FD1BD009CF00A92933 /* tableRowController.swift */ = {isa = PBXFileReference; fileEncoding = 4; lastKnownFileType = sourcecode.swift; path = tableRowController.swift; sourceTree = "<group>"; };
		206028976A37E58C6EC97A5D /* Pods-MrPill_Parsecoco.release.xcconfig */ = {isa = PBXFileReference; includeInIndex = 1; lastKnownFileType = text.xcconfig; name = "Pods-MrPill_Parsecoco.release.xcconfig"; path = "Pods/Target Support Files/Pods-MrPill_Parsecoco/Pods-MrPill_Parsecoco.release.xcconfig"; sourceTree = "<group>"; };
		904CF208565802177D297129 /* Pods_MrPill_Parsecoco.framework */ = {isa = PBXFileReference; explicitFileType = wrapper.framework; includeInIndex = 0; path = Pods_MrPill_Parsecoco.framework; sourceTree = BUILT_PRODUCTS_DIR; };
		A00D06BF7D3BD3A2F1AF32EC /* Pods-MrPill_Parsecoco.debug.xcconfig */ = {isa = PBXFileReference; includeInIndex = 1; lastKnownFileType = text.xcconfig; name = "Pods-MrPill_Parsecoco.debug.xcconfig"; path = "Pods/Target Support Files/Pods-MrPill_Parsecoco/Pods-MrPill_Parsecoco.debug.xcconfig"; sourceTree = "<group>"; };
/* End PBXFileReference section */

/* Begin PBXFrameworksBuildPhase section */
		0774FA881BC68E63006FB847 /* Frameworks */ = {
			isa = PBXFrameworksBuildPhase;
			buildActionMask = 2147483647;
			files = (
				3A3BB8B5354F5E3F87E8CA01 /* Pods_MrPill_Parsecoco.framework in Frameworks */,
			);
			runOnlyForDeploymentPostprocessing = 0;
		};
		0774FA9C1BC68E63006FB847 /* Frameworks */ = {
			isa = PBXFrameworksBuildPhase;
			buildActionMask = 2147483647;
			files = (
			);
			runOnlyForDeploymentPostprocessing = 0;
		};
		07ED31DF1BD008A200A92933 /* Frameworks */ = {
			isa = PBXFrameworksBuildPhase;
			buildActionMask = 2147483647;
			files = (
			);
			runOnlyForDeploymentPostprocessing = 0;
		};
/* End PBXFrameworksBuildPhase section */

/* Begin PBXGroup section */
		0774FA821BC68E63006FB847 = {
			isa = PBXGroup;
			children = (
				0774FA8D1BC68E63006FB847 /* MrPill_Parsecoco */,
				0774FAA21BC68E63006FB847 /* MrPill_ParsecocoTests */,
				07ED31D71BD008A200A92933 /* App */,
				07ED31E61BD008A200A92933 /* App Extension */,
				0774FA8C1BC68E63006FB847 /* Products */,
				6EBBD5B62D5433F96DB03188 /* Pods */,
				0D3FE91A0D5E3468564B13B5 /* Frameworks */,
				07E15A241BC68F88009B5AB4 /* MrPill_Parsecoco-Bridging-Header.h */,
			);
			sourceTree = "<group>";
		};
		0774FA8C1BC68E63006FB847 /* Products */ = {
			isa = PBXGroup;
			children = (
				0774FA8B1BC68E63006FB847 /* MrPill_Parsecoco.app */,
				0774FA9F1BC68E63006FB847 /* MrPill_ParsecocoTests.xctest */,
				07ED31D61BD008A200A92933 /* App.app */,
				07ED31E21BD008A200A92933 /* App Extension.appex */,
			);
			name = Products;
			sourceTree = "<group>";
		};
		0774FA8D1BC68E63006FB847 /* MrPill_Parsecoco */ = {
			isa = PBXGroup;
			children = (
				0774FA8E1BC68E63006FB847 /* AppDelegate.swift */,
				0774FA921BC68E63006FB847 /* Main.storyboard */,
				07A93A2B1BF7BBCB00C502EF /* Model */,
				07ED31FF1BD00C6D00A92933 /* Controllers */,
				0774FA951BC68E63006FB847 /* Assets.xcassets */,
				0774FA971BC68E63006FB847 /* LaunchScreen.storyboard */,
				0774FA9A1BC68E63006FB847 /* Info.plist */,
			);
			path = MrPill_Parsecoco;
			sourceTree = "<group>";
		};
		0774FAA21BC68E63006FB847 /* MrPill_ParsecocoTests */ = {
			isa = PBXGroup;
			children = (
				0774FAA31BC68E63006FB847 /* MrPill_ParsecocoTests.swift */,
				0774FAA51BC68E63006FB847 /* Info.plist */,
			);
			path = MrPill_ParsecocoTests;
			sourceTree = "<group>";
		};
		07A93A2B1BF7BBCB00C502EF /* Model */ = {
			isa = PBXGroup;
			children = (
				0733F6381BF7B0E000A08AAA /* Medicine.swift */,
				072DEF821BE503CE00A98AB0 /* Model.xcdatamodeld */,
				0733F6391BF7B0E000A08AAA /* Dates+CoreDataProperties.swift */,
				0733F63A1BF7B0E000A08AAA /* Dates.swift */,
				0733F6371BF7B0E000A08AAA /* Medicine+CoreDataProperties.swift */,
			);
			name = Model;
			sourceTree = "<group>";
		};
		07ED31D71BD008A200A92933 /* App */ = {
			isa = PBXGroup;
			children = (
				07ED31D81BD008A200A92933 /* Interface.storyboard */,
				07ED31DB1BD008A200A92933 /* Assets.xcassets */,
				07ED31DD1BD008A200A92933 /* Info.plist */,
			);
			path = App;
			sourceTree = "<group>";
		};
		07ED31E61BD008A200A92933 /* App Extension */ = {
			isa = PBXGroup;
			children = (
				07ED31E91BD008A200A92933 /* InterfaceController.swift */,
				07ED31FD1BD009CF00A92933 /* tableRowController.swift */,
				07ED31EB1BD008A200A92933 /* ExtensionDelegate.swift */,
				07ED31ED1BD008A200A92933 /* NotificationController.swift */,
				07ED31EF1BD008A200A92933 /* Assets.xcassets */,
				07ED31F11BD008A200A92933 /* Info.plist */,
				07ED31E71BD008A200A92933 /* Supporting Files */,
			);
			path = "App Extension";
			sourceTree = "<group>";
		};
		07ED31E71BD008A200A92933 /* Supporting Files */ = {
			isa = PBXGroup;
			children = (
				07ED31E81BD008A200A92933 /* PushNotificationPayload.apns */,
			);
			name = "Supporting Files";
			sourceTree = "<group>";
		};
		07ED31FF1BD00C6D00A92933 /* Controllers */ = {
			isa = PBXGroup;
			children = (
				07A93A291BF7BB8A00C502EF /* CalendarViewController.swift */,
				07E15A2F1BC6917B009B5AB4 /* UIViewControllerExtension.swift */,
				07E15A2B1BC6911D009B5AB4 /* MedicineTableViewController.swift */,
				07E15A291BC690E5009B5AB4 /* MedicineTableViewCell.swift */,
				07301CBA1BE5338800838A34 /* Reachability.swift */,
				07E15A2D1BC6914D009B5AB4 /* LoginViewController.swift */,
			);
			name = Controllers;
			sourceTree = "<group>";
		};
		0D3FE91A0D5E3468564B13B5 /* Frameworks */ = {
			isa = PBXGroup;
			children = (
				904CF208565802177D297129 /* Pods_MrPill_Parsecoco.framework */,
			);
			name = Frameworks;
			sourceTree = "<group>";
		};
		6EBBD5B62D5433F96DB03188 /* Pods */ = {
			isa = PBXGroup;
			children = (
				A00D06BF7D3BD3A2F1AF32EC /* Pods-MrPill_Parsecoco.debug.xcconfig */,
				206028976A37E58C6EC97A5D /* Pods-MrPill_Parsecoco.release.xcconfig */,
			);
			name = Pods;
			sourceTree = "<group>";
		};
/* End PBXGroup section */

/* Begin PBXNativeTarget section */
		0774FA8A1BC68E63006FB847 /* MrPill_Parsecoco */ = {
			isa = PBXNativeTarget;
			buildConfigurationList = 0774FAA81BC68E63006FB847 /* Build configuration list for PBXNativeTarget "MrPill_Parsecoco" */;
			buildPhases = (
				AA934C5B5F0C21C54860568E /* Check Pods Manifest.lock */,
				0774FA871BC68E63006FB847 /* Sources */,
				0774FA881BC68E63006FB847 /* Frameworks */,
				0774FA891BC68E63006FB847 /* Resources */,
				F567C8CD905F2B2D58F4091D /* Embed Pods Frameworks */,
				FDD5B544D3CB15C0E83013B7 /* Copy Pods Resources */,
				07ED31FC1BD008A200A92933 /* Embed Watch Content */,
			);
			buildRules = (
			);
			dependencies = (
				07ED31F31BD008A200A92933 /* PBXTargetDependency */,
			);
			name = MrPill_Parsecoco;
			productName = MrPill_Parsecoco;
			productReference = 0774FA8B1BC68E63006FB847 /* MrPill_Parsecoco.app */;
			productType = "com.apple.product-type.application";
		};
		0774FA9E1BC68E63006FB847 /* MrPill_ParsecocoTests */ = {
			isa = PBXNativeTarget;
			buildConfigurationList = 0774FAAB1BC68E63006FB847 /* Build configuration list for PBXNativeTarget "MrPill_ParsecocoTests" */;
			buildPhases = (
				0774FA9B1BC68E63006FB847 /* Sources */,
				0774FA9C1BC68E63006FB847 /* Frameworks */,
				0774FA9D1BC68E63006FB847 /* Resources */,
			);
			buildRules = (
			);
			dependencies = (
				0774FAA11BC68E63006FB847 /* PBXTargetDependency */,
			);
			name = MrPill_ParsecocoTests;
			productName = MrPill_ParsecocoTests;
			productReference = 0774FA9F1BC68E63006FB847 /* MrPill_ParsecocoTests.xctest */;
			productType = "com.apple.product-type.bundle.unit-test";
		};
		07ED31D51BD008A200A92933 /* App */ = {
			isa = PBXNativeTarget;
			buildConfigurationList = 07ED31FB1BD008A200A92933 /* Build configuration list for PBXNativeTarget "App" */;
			buildPhases = (
				07ED31D41BD008A200A92933 /* Resources */,
				07ED31FA1BD008A200A92933 /* Embed App Extensions */,
			);
			buildRules = (
			);
			dependencies = (
				07ED31E51BD008A200A92933 /* PBXTargetDependency */,
			);
			name = App;
			productName = App;
			productReference = 07ED31D61BD008A200A92933 /* App.app */;
			productType = "com.apple.product-type.application.watchapp2";
		};
		07ED31E11BD008A200A92933 /* App Extension */ = {
			isa = PBXNativeTarget;
			buildConfigurationList = 07ED31F91BD008A200A92933 /* Build configuration list for PBXNativeTarget "App Extension" */;
			buildPhases = (
				07ED31DE1BD008A200A92933 /* Sources */,
				07ED31DF1BD008A200A92933 /* Frameworks */,
				07ED31E01BD008A200A92933 /* Resources */,
			);
			buildRules = (
			);
			dependencies = (
			);
			name = "App Extension";
			productName = "App Extension";
			productReference = 07ED31E21BD008A200A92933 /* App Extension.appex */;
			productType = "com.apple.product-type.watchkit2-extension";
		};
/* End PBXNativeTarget section */

/* Begin PBXProject section */
		0774FA831BC68E63006FB847 /* Project object */ = {
			isa = PBXProject;
			attributes = {
				LastSwiftUpdateCheck = 0700;
				LastUpgradeCheck = 0700;
				ORGANIZATIONNAME = appcamp;
				TargetAttributes = {
					0774FA8A1BC68E63006FB847 = {
						CreatedOnToolsVersion = 7.0;
						DevelopmentTeam = 2B7PA75W9Z;
					};
					0774FA9E1BC68E63006FB847 = {
						CreatedOnToolsVersion = 7.0;
						TestTargetID = 0774FA8A1BC68E63006FB847;
					};
					07ED31D51BD008A200A92933 = {
						CreatedOnToolsVersion = 7.0.1;
						DevelopmentTeam = 2B7PA75W9Z;
					};
					07ED31E11BD008A200A92933 = {
						CreatedOnToolsVersion = 7.0.1;
						DevelopmentTeam = 2B7PA75W9Z;
					};
				};
			};
			buildConfigurationList = 0774FA861BC68E63006FB847 /* Build configuration list for PBXProject "MrPill_Parsecoco" */;
			compatibilityVersion = "Xcode 3.2";
			developmentRegion = English;
			hasScannedForEncodings = 0;
			knownRegions = (
				en,
				Base,
			);
			mainGroup = 0774FA821BC68E63006FB847;
			productRefGroup = 0774FA8C1BC68E63006FB847 /* Products */;
			projectDirPath = "";
			projectRoot = "";
			targets = (
				0774FA8A1BC68E63006FB847 /* MrPill_Parsecoco */,
				0774FA9E1BC68E63006FB847 /* MrPill_ParsecocoTests */,
				07ED31D51BD008A200A92933 /* App */,
				07ED31E11BD008A200A92933 /* App Extension */,
			);
		};
/* End PBXProject section */

/* Begin PBXResourcesBuildPhase section */
		0774FA891BC68E63006FB847 /* Resources */ = {
			isa = PBXResourcesBuildPhase;
			buildActionMask = 2147483647;
			files = (
				0774FA991BC68E63006FB847 /* LaunchScreen.storyboard in Resources */,
				0774FA961BC68E63006FB847 /* Assets.xcassets in Resources */,
				0774FA941BC68E63006FB847 /* Main.storyboard in Resources */,
			);
			runOnlyForDeploymentPostprocessing = 0;
		};
		0774FA9D1BC68E63006FB847 /* Resources */ = {
			isa = PBXResourcesBuildPhase;
			buildActionMask = 2147483647;
			files = (
			);
			runOnlyForDeploymentPostprocessing = 0;
		};
		07ED31D41BD008A200A92933 /* Resources */ = {
			isa = PBXResourcesBuildPhase;
			buildActionMask = 2147483647;
			files = (
				07ED32011BD031EB00A92933 /* Interface.storyboard in Resources */,
				07ED31DC1BD008A200A92933 /* Assets.xcassets in Resources */,
			);
			runOnlyForDeploymentPostprocessing = 0;
		};
		07ED31E01BD008A200A92933 /* Resources */ = {
			isa = PBXResourcesBuildPhase;
			buildActionMask = 2147483647;
			files = (
				07ED31F01BD008A200A92933 /* Assets.xcassets in Resources */,
			);
			runOnlyForDeploymentPostprocessing = 0;
		};
/* End PBXResourcesBuildPhase section */

/* Begin PBXShellScriptBuildPhase section */
		AA934C5B5F0C21C54860568E /* Check Pods Manifest.lock */ = {
			isa = PBXShellScriptBuildPhase;
			buildActionMask = 2147483647;
			files = (
			);
			inputPaths = (
			);
			name = "Check Pods Manifest.lock";
			outputPaths = (
			);
			runOnlyForDeploymentPostprocessing = 0;
			shellPath = /bin/sh;
			shellScript = "diff \"${PODS_ROOT}/../Podfile.lock\" \"${PODS_ROOT}/Manifest.lock\" > /dev/null\nif [[ $? != 0 ]] ; then\n    cat << EOM\nerror: The sandbox is not in sync with the Podfile.lock. Run 'pod install' or update your CocoaPods installation.\nEOM\n    exit 1\nfi\n";
			showEnvVarsInLog = 0;
		};
		F567C8CD905F2B2D58F4091D /* Embed Pods Frameworks */ = {
			isa = PBXShellScriptBuildPhase;
			buildActionMask = 2147483647;
			files = (
			);
			inputPaths = (
			);
			name = "Embed Pods Frameworks";
			outputPaths = (
			);
			runOnlyForDeploymentPostprocessing = 0;
			shellPath = /bin/sh;
			shellScript = "\"${SRCROOT}/Pods/Target Support Files/Pods-MrPill_Parsecoco/Pods-MrPill_Parsecoco-frameworks.sh\"\n";
			showEnvVarsInLog = 0;
		};
		FDD5B544D3CB15C0E83013B7 /* Copy Pods Resources */ = {
			isa = PBXShellScriptBuildPhase;
			buildActionMask = 2147483647;
			files = (
			);
			inputPaths = (
			);
			name = "Copy Pods Resources";
			outputPaths = (
			);
			runOnlyForDeploymentPostprocessing = 0;
			shellPath = /bin/sh;
			shellScript = "\"${SRCROOT}/Pods/Target Support Files/Pods-MrPill_Parsecoco/Pods-MrPill_Parsecoco-resources.sh\"\n";
			showEnvVarsInLog = 0;
		};
/* End PBXShellScriptBuildPhase section */

/* Begin PBXSourcesBuildPhase section */
		0774FA871BC68E63006FB847 /* Sources */ = {
			isa = PBXSourcesBuildPhase;
			buildActionMask = 2147483647;
			files = (
				07A93A2A1BF7BB8A00C502EF /* CalendarViewController.swift in Sources */,
				0774FA8F1BC68E63006FB847 /* AppDelegate.swift in Sources */,
				0733F63C1BF7B0E000A08AAA /* Medicine.swift in Sources */,
				0733F63E1BF7B0E000A08AAA /* Dates.swift in Sources */,
				07E15A2A1BC690E5009B5AB4 /* MedicineTableViewCell.swift in Sources */,
				07E15A301BC6917B009B5AB4 /* UIViewControllerExtension.swift in Sources */,
				072DEF841BE503CE00A98AB0 /* Model.xcdatamodeld in Sources */,
				07E15A2E1BC6914D009B5AB4 /* LoginViewController.swift in Sources */,
				07301CBB1BE5338800838A34 /* Reachability.swift in Sources */,
				07E15A2C1BC6911D009B5AB4 /* MedicineTableViewController.swift in Sources */,
				0733F63B1BF7B0E000A08AAA /* Medicine+CoreDataProperties.swift in Sources */,
				0733F63D1BF7B0E000A08AAA /* Dates+CoreDataProperties.swift in Sources */,
			);
			runOnlyForDeploymentPostprocessing = 0;
		};
		0774FA9B1BC68E63006FB847 /* Sources */ = {
			isa = PBXSourcesBuildPhase;
			buildActionMask = 2147483647;
			files = (
				0774FAA41BC68E63006FB847 /* MrPill_ParsecocoTests.swift in Sources */,
			);
			runOnlyForDeploymentPostprocessing = 0;
		};
		07ED31DE1BD008A200A92933 /* Sources */ = {
			isa = PBXSourcesBuildPhase;
			buildActionMask = 2147483647;
			files = (
				07ED31EE1BD008A200A92933 /* NotificationController.swift in Sources */,
				07ED31EC1BD008A200A92933 /* ExtensionDelegate.swift in Sources */,
				07ED31EA1BD008A200A92933 /* InterfaceController.swift in Sources */,
				07ED31FE1BD009CF00A92933 /* tableRowController.swift in Sources */,
			);
			runOnlyForDeploymentPostprocessing = 0;
		};
/* End PBXSourcesBuildPhase section */

/* Begin PBXTargetDependency section */
		0774FAA11BC68E63006FB847 /* PBXTargetDependency */ = {
			isa = PBXTargetDependency;
			target = 0774FA8A1BC68E63006FB847 /* MrPill_Parsecoco */;
			targetProxy = 0774FAA01BC68E63006FB847 /* PBXContainerItemProxy */;
		};
		07ED31E51BD008A200A92933 /* PBXTargetDependency */ = {
			isa = PBXTargetDependency;
			target = 07ED31E11BD008A200A92933 /* App Extension */;
			targetProxy = 07ED31E41BD008A200A92933 /* PBXContainerItemProxy */;
		};
		07ED31F31BD008A200A92933 /* PBXTargetDependency */ = {
			isa = PBXTargetDependency;
			target = 07ED31D51BD008A200A92933 /* App */;
			targetProxy = 07ED31F21BD008A200A92933 /* PBXContainerItemProxy */;
		};
/* End PBXTargetDependency section */

/* Begin PBXVariantGroup section */
		0774FA921BC68E63006FB847 /* Main.storyboard */ = {
			isa = PBXVariantGroup;
			children = (
				0774FA931BC68E63006FB847 /* Base */,
			);
			name = Main.storyboard;
			sourceTree = "<group>";
		};
		0774FA971BC68E63006FB847 /* LaunchScreen.storyboard */ = {
			isa = PBXVariantGroup;
			children = (
				0774FA981BC68E63006FB847 /* Base */,
			);
			name = LaunchScreen.storyboard;
			sourceTree = "<group>";
		};
		07ED31D81BD008A200A92933 /* Interface.storyboard */ = {
			isa = PBXVariantGroup;
			children = (
				07ED31D91BD008A200A92933 /* Base */,
			);
			name = Interface.storyboard;
			sourceTree = "<group>";
		};
/* End PBXVariantGroup section */

/* Begin XCBuildConfiguration section */
		0774FAA61BC68E63006FB847 /* Debug */ = {
			isa = XCBuildConfiguration;
			buildSettings = {
				ALWAYS_SEARCH_USER_PATHS = NO;
				CLANG_CXX_LANGUAGE_STANDARD = "gnu++0x";
				CLANG_CXX_LIBRARY = "libc++";
				CLANG_ENABLE_MODULES = YES;
				CLANG_ENABLE_OBJC_ARC = YES;
				CLANG_WARN_BOOL_CONVERSION = YES;
				CLANG_WARN_CONSTANT_CONVERSION = YES;
				CLANG_WARN_DIRECT_OBJC_ISA_USAGE = YES_ERROR;
				CLANG_WARN_EMPTY_BODY = YES;
				CLANG_WARN_ENUM_CONVERSION = YES;
				CLANG_WARN_INT_CONVERSION = YES;
				CLANG_WARN_OBJC_ROOT_CLASS = YES_ERROR;
				CLANG_WARN_UNREACHABLE_CODE = YES;
				CLANG_WARN__DUPLICATE_METHOD_MATCH = YES;
				"CODE_SIGN_IDENTITY[sdk=iphoneos*]" = "iPhone Developer";
				COPY_PHASE_STRIP = NO;
				DEBUG_INFORMATION_FORMAT = dwarf;
				ENABLE_STRICT_OBJC_MSGSEND = YES;
				ENABLE_TESTABILITY = YES;
				GCC_C_LANGUAGE_STANDARD = gnu99;
				GCC_DYNAMIC_NO_PIC = NO;
				GCC_NO_COMMON_BLOCKS = YES;
				GCC_OPTIMIZATION_LEVEL = 0;
				GCC_PREPROCESSOR_DEFINITIONS = (
					"DEBUG=1",
					"$(inherited)",
				);
				GCC_WARN_64_TO_32_BIT_CONVERSION = YES;
				GCC_WARN_ABOUT_RETURN_TYPE = YES_ERROR;
				GCC_WARN_UNDECLARED_SELECTOR = YES;
				GCC_WARN_UNINITIALIZED_AUTOS = YES_AGGRESSIVE;
				GCC_WARN_UNUSED_FUNCTION = YES;
				GCC_WARN_UNUSED_VARIABLE = YES;
				IPHONEOS_DEPLOYMENT_TARGET = 9.0;
				MTL_ENABLE_DEBUG_INFO = YES;
				ONLY_ACTIVE_ARCH = YES;
				SDKROOT = iphoneos;
				SWIFT_OPTIMIZATION_LEVEL = "-Onone";
			};
			name = Debug;
		};
		0774FAA71BC68E63006FB847 /* Release */ = {
			isa = XCBuildConfiguration;
			buildSettings = {
				ALWAYS_SEARCH_USER_PATHS = NO;
				CLANG_CXX_LANGUAGE_STANDARD = "gnu++0x";
				CLANG_CXX_LIBRARY = "libc++";
				CLANG_ENABLE_MODULES = YES;
				CLANG_ENABLE_OBJC_ARC = YES;
				CLANG_WARN_BOOL_CONVERSION = YES;
				CLANG_WARN_CONSTANT_CONVERSION = YES;
				CLANG_WARN_DIRECT_OBJC_ISA_USAGE = YES_ERROR;
				CLANG_WARN_EMPTY_BODY = YES;
				CLANG_WARN_ENUM_CONVERSION = YES;
				CLANG_WARN_INT_CONVERSION = YES;
				CLANG_WARN_OBJC_ROOT_CLASS = YES_ERROR;
				CLANG_WARN_UNREACHABLE_CODE = YES;
				CLANG_WARN__DUPLICATE_METHOD_MATCH = YES;
				"CODE_SIGN_IDENTITY[sdk=iphoneos*]" = "iPhone Developer";
				COPY_PHASE_STRIP = NO;
				DEBUG_INFORMATION_FORMAT = "dwarf-with-dsym";
				ENABLE_NS_ASSERTIONS = NO;
				ENABLE_STRICT_OBJC_MSGSEND = YES;
				GCC_C_LANGUAGE_STANDARD = gnu99;
				GCC_NO_COMMON_BLOCKS = YES;
				GCC_WARN_64_TO_32_BIT_CONVERSION = YES;
				GCC_WARN_ABOUT_RETURN_TYPE = YES_ERROR;
				GCC_WARN_UNDECLARED_SELECTOR = YES;
				GCC_WARN_UNINITIALIZED_AUTOS = YES_AGGRESSIVE;
				GCC_WARN_UNUSED_FUNCTION = YES;
				GCC_WARN_UNUSED_VARIABLE = YES;
				IPHONEOS_DEPLOYMENT_TARGET = 9.0;
				MTL_ENABLE_DEBUG_INFO = NO;
				SDKROOT = iphoneos;
				VALIDATE_PRODUCT = YES;
			};
			name = Release;
		};
		0774FAA91BC68E63006FB847 /* Debug */ = {
			isa = XCBuildConfiguration;
			baseConfigurationReference = A00D06BF7D3BD3A2F1AF32EC /* Pods-MrPill_Parsecoco.debug.xcconfig */;
			buildSettings = {
				ASSETCATALOG_COMPILER_APPICON_NAME = AppIcon;
				CLANG_ENABLE_MODULES = YES;
				CODE_SIGN_IDENTITY = "iPhone Developer";
				INFOPLIST_FILE = MrPill_Parsecoco/Info.plist;
				LD_RUNPATH_SEARCH_PATHS = "$(inherited) @executable_path/Frameworks";
				PRODUCT_BUNDLE_IDENTIFIER = "appcamp.MrPill-Parsecoco";
				PRODUCT_NAME = "$(TARGET_NAME)";
				SWIFT_OBJC_BRIDGING_HEADER = "MrPill_Parsecoco-Bridging-Header.h";
				SWIFT_OPTIMIZATION_LEVEL = "-Onone";
			};
			name = Debug;
		};
		0774FAAA1BC68E63006FB847 /* Release */ = {
			isa = XCBuildConfiguration;
			baseConfigurationReference = 206028976A37E58C6EC97A5D /* Pods-MrPill_Parsecoco.release.xcconfig */;
			buildSettings = {
				ASSETCATALOG_COMPILER_APPICON_NAME = AppIcon;
				CLANG_ENABLE_MODULES = YES;
				CODE_SIGN_IDENTITY = "iPhone Developer";
				INFOPLIST_FILE = MrPill_Parsecoco/Info.plist;
				LD_RUNPATH_SEARCH_PATHS = "$(inherited) @executable_path/Frameworks";
				PRODUCT_BUNDLE_IDENTIFIER = "appcamp.MrPill-Parsecoco";
				PRODUCT_NAME = "$(TARGET_NAME)";
				SWIFT_OBJC_BRIDGING_HEADER = "MrPill_Parsecoco-Bridging-Header.h";
			};
			name = Release;
		};
		0774FAAC1BC68E63006FB847 /* Debug */ = {
			isa = XCBuildConfiguration;
			buildSettings = {
				BUNDLE_LOADER = "$(TEST_HOST)";
				INFOPLIST_FILE = MrPill_ParsecocoTests/Info.plist;
				LD_RUNPATH_SEARCH_PATHS = "$(inherited) @executable_path/Frameworks @loader_path/Frameworks";
				PRODUCT_BUNDLE_IDENTIFIER = "appcamp.MrPill-ParsecocoTests";
				PRODUCT_NAME = "$(TARGET_NAME)";
				TEST_HOST = "$(BUILT_PRODUCTS_DIR)/MrPill_Parsecoco.app/MrPill_Parsecoco";
			};
			name = Debug;
		};
		0774FAAD1BC68E63006FB847 /* Release */ = {
			isa = XCBuildConfiguration;
			buildSettings = {
				BUNDLE_LOADER = "$(TEST_HOST)";
				INFOPLIST_FILE = MrPill_ParsecocoTests/Info.plist;
				LD_RUNPATH_SEARCH_PATHS = "$(inherited) @executable_path/Frameworks @loader_path/Frameworks";
				PRODUCT_BUNDLE_IDENTIFIER = "appcamp.MrPill-ParsecocoTests";
				PRODUCT_NAME = "$(TARGET_NAME)";
				TEST_HOST = "$(BUILT_PRODUCTS_DIR)/MrPill_Parsecoco.app/MrPill_Parsecoco";
			};
			name = Release;
		};
		07ED31F51BD008A200A92933 /* Debug */ = {
			isa = XCBuildConfiguration;
			buildSettings = {
				ASSETCATALOG_COMPILER_APPICON_NAME = AppIcon;
				CODE_SIGN_IDENTITY = "iPhone Developer";
				EMBEDDED_CONTENT_CONTAINS_SWIFT = YES;
				IBSC_MODULE = App_Extension;
				INFOPLIST_FILE = App/Info.plist;
				PRODUCT_BUNDLE_IDENTIFIER = "appcamp.MrPill-Parsecoco.watchkitapp";
				PRODUCT_NAME = "$(TARGET_NAME)";
				SDKROOT = watchos;
				SKIP_INSTALL = YES;
				TARGETED_DEVICE_FAMILY = 4;
				WATCHOS_DEPLOYMENT_TARGET = 2.0;
			};
			name = Debug;
		};
		07ED31F61BD008A200A92933 /* Release */ = {
			isa = XCBuildConfiguration;
			buildSettings = {
				ASSETCATALOG_COMPILER_APPICON_NAME = AppIcon;
				CODE_SIGN_IDENTITY = "iPhone Developer";
				EMBEDDED_CONTENT_CONTAINS_SWIFT = YES;
				IBSC_MODULE = App_Extension;
				INFOPLIST_FILE = App/Info.plist;
				PRODUCT_BUNDLE_IDENTIFIER = "appcamp.MrPill-Parsecoco.watchkitapp";
				PRODUCT_NAME = "$(TARGET_NAME)";
				SDKROOT = watchos;
				SKIP_INSTALL = YES;
				TARGETED_DEVICE_FAMILY = 4;
				WATCHOS_DEPLOYMENT_TARGET = 2.0;
			};
			name = Release;
		};
		07ED31F71BD008A200A92933 /* Debug */ = {
			isa = XCBuildConfiguration;
			buildSettings = {
				CODE_SIGN_IDENTITY = "iPhone Developer";
				INFOPLIST_FILE = "App Extension/Info.plist";
				LD_RUNPATH_SEARCH_PATHS = "$(inherited) @executable_path/Frameworks @executable_path/../../Frameworks";
				PRODUCT_BUNDLE_IDENTIFIER = "appcamp.MrPill-Parsecoco.watchkitapp.watchkitextension";
				PRODUCT_NAME = "${TARGET_NAME}";
				SDKROOT = watchos;
				SKIP_INSTALL = YES;
				TARGETED_DEVICE_FAMILY = 4;
				WATCHOS_DEPLOYMENT_TARGET = 2.0;
			};
			name = Debug;
		};
		07ED31F81BD008A200A92933 /* Release */ = {
			isa = XCBuildConfiguration;
			buildSettings = {
				CODE_SIGN_IDENTITY = "iPhone Developer";
				INFOPLIST_FILE = "App Extension/Info.plist";
				LD_RUNPATH_SEARCH_PATHS = "$(inherited) @executable_path/Frameworks @executable_path/../../Frameworks";
				PRODUCT_BUNDLE_IDENTIFIER = "appcamp.MrPill-Parsecoco.watchkitapp.watchkitextension";
				PRODUCT_NAME = "${TARGET_NAME}";
				SDKROOT = watchos;
				SKIP_INSTALL = YES;
				TARGETED_DEVICE_FAMILY = 4;
				WATCHOS_DEPLOYMENT_TARGET = 2.0;
			};
			name = Release;
		};
/* End XCBuildConfiguration section */

/* Begin XCConfigurationList section */
		0774FA861BC68E63006FB847 /* Build configuration list for PBXProject "MrPill_Parsecoco" */ = {
			isa = XCConfigurationList;
			buildConfigurations = (
				0774FAA61BC68E63006FB847 /* Debug */,
				0774FAA71BC68E63006FB847 /* Release */,
			);
			defaultConfigurationIsVisible = 0;
			defaultConfigurationName = Release;
		};
		0774FAA81BC68E63006FB847 /* Build configuration list for PBXNativeTarget "MrPill_Parsecoco" */ = {
			isa = XCConfigurationList;
			buildConfigurations = (
				0774FAA91BC68E63006FB847 /* Debug */,
				0774FAAA1BC68E63006FB847 /* Release */,
			);
			defaultConfigurationIsVisible = 0;
			defaultConfigurationName = Release;
		};
		0774FAAB1BC68E63006FB847 /* Build configuration list for PBXNativeTarget "MrPill_ParsecocoTests" */ = {
			isa = XCConfigurationList;
			buildConfigurations = (
				0774FAAC1BC68E63006FB847 /* Debug */,
				0774FAAD1BC68E63006FB847 /* Release */,
			);
			defaultConfigurationIsVisible = 0;
			defaultConfigurationName = Release;
		};
		07ED31F91BD008A200A92933 /* Build configuration list for PBXNativeTarget "App Extension" */ = {
			isa = XCConfigurationList;
			buildConfigurations = (
				07ED31F71BD008A200A92933 /* Debug */,
				07ED31F81BD008A200A92933 /* Release */,
			);
			defaultConfigurationIsVisible = 0;
			defaultConfigurationName = Release;
		};
		07ED31FB1BD008A200A92933 /* Build configuration list for PBXNativeTarget "App" */ = {
			isa = XCConfigurationList;
			buildConfigurations = (
				07ED31F51BD008A200A92933 /* Debug */,
				07ED31F61BD008A200A92933 /* Release */,
			);
			defaultConfigurationIsVisible = 0;
			defaultConfigurationName = Release;
		};
/* End XCConfigurationList section */

/* Begin XCVersionGroup section */
		072DEF821BE503CE00A98AB0 /* Model.xcdatamodeld */ = {
			isa = XCVersionGroup;
			children = (
				072DEF831BE503CE00A98AB0 /* Model.xcdatamodel */,
			);
			currentVersion = 072DEF831BE503CE00A98AB0 /* Model.xcdatamodel */;
			path = Model.xcdatamodeld;
			sourceTree = "<group>";
			versionGroupType = wrapper.xcdatamodel;
		};
/* End XCVersionGroup section */
	};
	rootObject = 0774FA831BC68E63006FB847 /* Project object */;
}
